
Microsoft Visual Studio Solution File, Format Version 12.00
# Visual Studio Version 17
VisualStudioVersion = 17.5.002.0
MinimumVisualStudioVersion = 10.0.40219.1
Project("{9A19103F-16F7-4668-BE54-9A1E7A4F7556}") = "HashtagHelp", "HashtagHelp.csproj", "{3450FDE4-30DD-4F32-A6D6-CBA83D81377A}"
EndProject
Global
	GlobalSection(SolutionConfigurationPlatforms) = preSolution
		Debug|Any CPU = Debug|Any CPU
		Release|Any CPU = Release|Any CPU
	EndGlobalSection
	GlobalSection(ProjectConfigurationPlatforms) = postSolution
		{3450FDE4-30DD-4F32-A6D6-CBA83D81377A}.Debug|Any CPU.ActiveCfg = Debug|Any CPU
		{3450FDE4-30DD-4F32-A6D6-CBA83D81377A}.Debug|Any CPU.Build.0 = Debug|Any CPU
		{3450FDE4-30DD-4F32-A6D6-CBA83D81377A}.Release|Any CPU.ActiveCfg = Release|Any CPU
		{3450FDE4-30DD-4F32-A6D6-CBA83D81377A}.Release|Any CPU.Build.0 = Release|Any CPU
	EndGlobalSection
	GlobalSection(SolutionProperties) = preSolution
		HideSolutionNode = FALSE
	EndGlobalSection
	GlobalSection(ExtensibilityGlobals) = postSolution
		SolutionGuid = {03FEB208-2BEB-4568-8BE4-467550C51F0E}
	EndGlobalSection
EndGlobal
